
Microsoft Visual Studio Solution File, Format Version 12.00
# Visual Studio Version 17
VisualStudioVersion = 17.11.35312.102
MinimumVisualStudioVersion = 10.0.40219.1
Project("{8BC9CEB8-8B4A-11D0-8D11-00A0C91BC942}") = "Rusu_Teodora_ActivitatePOO2024", "Rusu_Teodora_ActivitatePOO2024\Rusu_Teodora_ActivitatePOO2024.vcxproj", "{A7CF8045-2226-45B0-98B3-D743D73F6012}"
EndProject
Global
	GlobalSection(SolutionConfigurationPlatforms) = preSolution
		Debug|x64 = Debug|x64
		Debug|x86 = Debug|x86
		Release|x64 = Release|x64
		Release|x86 = Release|x86
	EndGlobalSection
	GlobalSection(ProjectConfigurationPlatforms) = postSolution
		{A7CF8045-2226-45B0-98B3-D743D73F6012}.Debug|x64.ActiveCfg = Debug|x64
		{A7CF8045-2226-45B0-98B3-D743D73F6012}.Debug|x64.Build.0 = Debug|x64
		{A7CF8045-2226-45B0-98B3-D743D73F6012}.Debug|x86.ActiveCfg = Debug|Win32
		{A7CF8045-2226-45B0-98B3-D743D73F6012}.Debug|x86.Build.0 = Debug|Win32
		{A7CF8045-2226-45B0-98B3-D743D73F6012}.Release|x64.ActiveCfg = Release|x64
		{A7CF8045-2226-45B0-98B3-D743D73F6012}.Release|x64.Build.0 = Release|x64
		{A7CF8045-2226-45B0-98B3-D743D73F6012}.Release|x86.ActiveCfg = Release|Win32
		{A7CF8045-2226-45B0-98B3-D743D73F6012}.Release|x86.Build.0 = Release|Win32
	EndGlobalSection
	GlobalSection(SolutionProperties) = preSolution
		HideSolutionNode = FALSE
	EndGlobalSection
	GlobalSection(ExtensibilityGlobals) = postSolution
		SolutionGuid = {95677EA6-82B4-4C3C-94C0-0A68FC47FA37}
	EndGlobalSection
EndGlobal
